
Microsoft Visual Studio Solution File, Format Version 12.00
# Visual Studio 14
VisualStudioVersion = 14.0.24720.0
MinimumVisualStudioVersion = 10.0.40219.1
Project("{FAE04EC0-301F-11D3-BF4B-00C04F79EFBC}") = "NeverGoOut", "NeverGoOut\NeverGoOut.csproj", "{2E8DC346-A58D-4323-ADF4-3A159D3762FE}"
EndProject
Project("{2150E333-8FDC-42A3-9474-1A3956D46DE8}") = "Solution Items", "Solution Items", "{D85B1C4D-6C3B-408A-8651-9DCE05486F5A}"
EndProject
Global
	GlobalSection(SolutionConfigurationPlatforms) = preSolution
		Debug|Any CPU = Debug|Any CPU
		Release|Any CPU = Release|Any CPU
	EndGlobalSection
	GlobalSection(ProjectConfigurationPlatforms) = postSolution
		{2E8DC346-A58D-4323-ADF4-3A159D3762FE}.Debug|Any CPU.ActiveCfg = Debug|Any CPU
		{2E8DC346-A58D-4323-ADF4-3A159D3762FE}.Debug|Any CPU.Build.0 = Debug|Any CPU
		{2E8DC346-A58D-4323-ADF4-3A159D3762FE}.Release|Any CPU.ActiveCfg = Release|Any CPU
		{2E8DC346-A58D-4323-ADF4-3A159D3762FE}.Release|Any CPU.Build.0 = Release|Any CPU
	EndGlobalSection
	GlobalSection(SolutionProperties) = preSolution
		HideSolutionNode = FALSE
	EndGlobalSection
EndGlobal
